// !$*UTF8*$!
{
	archiveVersion = 1;
	classes = {
	};
	objectVersion = 48;
	objects = {

/* Begin PBXBuildFile section */
		34283D2C1FFA1D7E00F07CDD /* EdisonAPI.swift in Sources */ = {isa = PBXBuildFile; fileRef = 34283D2B1FFA1D7E00F07CDD /* EdisonAPI.swift */; };
		342AF35C1FFBE58C00DF9C06 /* LoginSession.swift in Sources */ = {isa = PBXBuildFile; fileRef = 342AF35B1FFBE58C00DF9C06 /* LoginSession.swift */; };
		348357B91FF8BA7A0047B5B5 /* LoginViewController.swift in Sources */ = {isa = PBXBuildFile; fileRef = 348357B81FF8BA7A0047B5B5 /* LoginViewController.swift */; };
		3EBF1A77CCB8F08A4D5B83C4 /* Pods_edisonTests.framework in Frameworks */ = {isa = PBXBuildFile; fileRef = 541F0344D839A994FD1DFA2A /* Pods_edisonTests.framework */; };
		4B90D1B84953C299E14334CB /* Pods_edisonUITests.framework in Frameworks */ = {isa = PBXBuildFile; fileRef = 5477216029A88B05D1163E5D /* Pods_edisonUITests.framework */; };
		D54CA4CFF14B603D09097880 /* Pods_edison.framework in Frameworks */ = {isa = PBXBuildFile; fileRef = 4BF5FA9FBCFED167E0FDCD84 /* Pods_edison.framework */; };
		DA513E181FF4E77000B65F22 /* AppDelegate.swift in Sources */ = {isa = PBXBuildFile; fileRef = DA513E171FF4E77000B65F22 /* AppDelegate.swift */; };
		DA513E1A1FF4E77000B65F22 /* ViewController.swift in Sources */ = {isa = PBXBuildFile; fileRef = DA513E191FF4E77000B65F22 /* ViewController.swift */; };
		DA513E1D1FF4E77000B65F22 /* Main.storyboard in Resources */ = {isa = PBXBuildFile; fileRef = DA513E1B1FF4E77000B65F22 /* Main.storyboard */; };
		DA513E201FF4E77000B65F22 /* edison.xcdatamodeld in Sources */ = {isa = PBXBuildFile; fileRef = DA513E1E1FF4E77000B65F22 /* edison.xcdatamodeld */; };
		DA513E221FF4E77000B65F22 /* Assets.xcassets in Resources */ = {isa = PBXBuildFile; fileRef = DA513E211FF4E77000B65F22 /* Assets.xcassets */; };
		DA513E251FF4E77000B65F22 /* LaunchScreen.storyboard in Resources */ = {isa = PBXBuildFile; fileRef = DA513E231FF4E77000B65F22 /* LaunchScreen.storyboard */; };
		DA513E301FF4E77100B65F22 /* edisonTests.swift in Sources */ = {isa = PBXBuildFile; fileRef = DA513E2F1FF4E77100B65F22 /* edisonTests.swift */; };
		DA513E3B1FF4E77100B65F22 /* edisonUITests.swift in Sources */ = {isa = PBXBuildFile; fileRef = DA513E3A1FF4E77100B65F22 /* edisonUITests.swift */; };
/* End PBXBuildFile section */

/* Begin PBXContainerItemProxy section */
		DA513E2C1FF4E77100B65F22 /* PBXContainerItemProxy */ = {
			isa = PBXContainerItemProxy;
			containerPortal = DA513E0C1FF4E77000B65F22 /* Project object */;
			proxyType = 1;
			remoteGlobalIDString = DA513E131FF4E77000B65F22;
			remoteInfo = edison;
		};
		DA513E371FF4E77100B65F22 /* PBXContainerItemProxy */ = {
			isa = PBXContainerItemProxy;
			containerPortal = DA513E0C1FF4E77000B65F22 /* Project object */;
			proxyType = 1;
			remoteGlobalIDString = DA513E131FF4E77000B65F22;
			remoteInfo = edison;
		};
/* End PBXContainerItemProxy section */

/* Begin PBXFileReference section */
		09C6DEC109C3374EB98A6092 /* Pods-edison.release.xcconfig */ = {isa = PBXFileReference; includeInIndex = 1; lastKnownFileType = text.xcconfig; name = "Pods-edison.release.xcconfig"; path = "Pods/Target Support Files/Pods-edison/Pods-edison.release.xcconfig"; sourceTree = "<group>"; };
		1980C4C8A8C4E6BCA54BD63C /* Pods-edisonUITests.release.xcconfig */ = {isa = PBXFileReference; includeInIndex = 1; lastKnownFileType = text.xcconfig; name = "Pods-edisonUITests.release.xcconfig"; path = "Pods/Target Support Files/Pods-edisonUITests/Pods-edisonUITests.release.xcconfig"; sourceTree = "<group>"; };
		2F4804312B309933DD8D45EB /* Pods-edison.debug.xcconfig */ = {isa = PBXFileReference; includeInIndex = 1; lastKnownFileType = text.xcconfig; name = "Pods-edison.debug.xcconfig"; path = "Pods/Target Support Files/Pods-edison/Pods-edison.debug.xcconfig"; sourceTree = "<group>"; };
		34283D2B1FFA1D7E00F07CDD /* EdisonAPI.swift */ = {isa = PBXFileReference; lastKnownFileType = sourcecode.swift; path = EdisonAPI.swift; sourceTree = "<group>"; };
		342AF35B1FFBE58C00DF9C06 /* LoginSession.swift */ = {isa = PBXFileReference; lastKnownFileType = sourcecode.swift; path = LoginSession.swift; sourceTree = "<group>"; };
		348357B81FF8BA7A0047B5B5 /* LoginViewController.swift */ = {isa = PBXFileReference; lastKnownFileType = sourcecode.swift; path = LoginViewController.swift; sourceTree = "<group>"; };
		41D2C0D441F5BFE46E7947AC /* Pods-edisonUITests.debug.xcconfig */ = {isa = PBXFileReference; includeInIndex = 1; lastKnownFileType = text.xcconfig; name = "Pods-edisonUITests.debug.xcconfig"; path = "Pods/Target Support Files/Pods-edisonUITests/Pods-edisonUITests.debug.xcconfig"; sourceTree = "<group>"; };
		4BF5FA9FBCFED167E0FDCD84 /* Pods_edison.framework */ = {isa = PBXFileReference; explicitFileType = wrapper.framework; includeInIndex = 0; path = Pods_edison.framework; sourceTree = BUILT_PRODUCTS_DIR; };
		541F0344D839A994FD1DFA2A /* Pods_edisonTests.framework */ = {isa = PBXFileReference; explicitFileType = wrapper.framework; includeInIndex = 0; path = Pods_edisonTests.framework; sourceTree = BUILT_PRODUCTS_DIR; };
		5477216029A88B05D1163E5D /* Pods_edisonUITests.framework */ = {isa = PBXFileReference; explicitFileType = wrapper.framework; includeInIndex = 0; path = Pods_edisonUITests.framework; sourceTree = BUILT_PRODUCTS_DIR; };
		C435C8CC35925602EED5BE19 /* Pods-edisonTests.release.xcconfig */ = {isa = PBXFileReference; includeInIndex = 1; lastKnownFileType = text.xcconfig; name = "Pods-edisonTests.release.xcconfig"; path = "Pods/Target Support Files/Pods-edisonTests/Pods-edisonTests.release.xcconfig"; sourceTree = "<group>"; };
		DA513E141FF4E77000B65F22 /* edison.app */ = {isa = PBXFileReference; explicitFileType = wrapper.application; includeInIndex = 0; path = edison.app; sourceTree = BUILT_PRODUCTS_DIR; };
		DA513E171FF4E77000B65F22 /* AppDelegate.swift */ = {isa = PBXFileReference; lastKnownFileType = sourcecode.swift; path = AppDelegate.swift; sourceTree = "<group>"; };
		DA513E191FF4E77000B65F22 /* ViewController.swift */ = {isa = PBXFileReference; lastKnownFileType = sourcecode.swift; path = ViewController.swift; sourceTree = "<group>"; };
		DA513E1C1FF4E77000B65F22 /* Base */ = {isa = PBXFileReference; lastKnownFileType = file.storyboard; name = Base; path = Base.lproj/Main.storyboard; sourceTree = "<group>"; };
		DA513E1F1FF4E77000B65F22 /* edison.xcdatamodel */ = {isa = PBXFileReference; lastKnownFileType = wrapper.xcdatamodel; path = edison.xcdatamodel; sourceTree = "<group>"; };
		DA513E211FF4E77000B65F22 /* Assets.xcassets */ = {isa = PBXFileReference; lastKnownFileType = folder.assetcatalog; path = Assets.xcassets; sourceTree = "<group>"; };
		DA513E241FF4E77000B65F22 /* Base */ = {isa = PBXFileReference; lastKnownFileType = file.storyboard; name = Base; path = Base.lproj/LaunchScreen.storyboard; sourceTree = "<group>"; };
		DA513E261FF4E77000B65F22 /* Info.plist */ = {isa = PBXFileReference; lastKnownFileType = text.plist.xml; path = Info.plist; sourceTree = "<group>"; };
		DA513E2B1FF4E77100B65F22 /* edisonTests.xctest */ = {isa = PBXFileReference; explicitFileType = wrapper.cfbundle; includeInIndex = 0; path = edisonTests.xctest; sourceTree = BUILT_PRODUCTS_DIR; };
		DA513E2F1FF4E77100B65F22 /* edisonTests.swift */ = {isa = PBXFileReference; lastKnownFileType = sourcecode.swift; path = edisonTests.swift; sourceTree = "<group>"; };
		DA513E311FF4E77100B65F22 /* Info.plist */ = {isa = PBXFileReference; lastKnownFileType = text.plist.xml; path = Info.plist; sourceTree = "<group>"; };
		DA513E361FF4E77100B65F22 /* edisonUITests.xctest */ = {isa = PBXFileReference; explicitFileType = wrapper.cfbundle; includeInIndex = 0; path = edisonUITests.xctest; sourceTree = BUILT_PRODUCTS_DIR; };
		DA513E3A1FF4E77100B65F22 /* edisonUITests.swift */ = {isa = PBXFileReference; lastKnownFileType = sourcecode.swift; path = edisonUITests.swift; sourceTree = "<group>"; };
		DA513E3C1FF4E77100B65F22 /* Info.plist */ = {isa = PBXFileReference; lastKnownFileType = text.plist.xml; path = Info.plist; sourceTree = "<group>"; };
		E36DAF972E11B98EAE03B07F /* Pods-edisonTests.debug.xcconfig */ = {isa = PBXFileReference; includeInIndex = 1; lastKnownFileType = text.xcconfig; name = "Pods-edisonTests.debug.xcconfig"; path = "Pods/Target Support Files/Pods-edisonTests/Pods-edisonTests.debug.xcconfig"; sourceTree = "<group>"; };
/* End PBXFileReference section */

/* Begin PBXFrameworksBuildPhase section */
		DA513E111FF4E77000B65F22 /* Frameworks */ = {
			isa = PBXFrameworksBuildPhase;
			buildActionMask = 2147483647;
			files = (
				D54CA4CFF14B603D09097880 /* Pods_edison.framework in Frameworks */,
			);
			runOnlyForDeploymentPostprocessing = 0;
		};
		DA513E281FF4E77100B65F22 /* Frameworks */ = {
			isa = PBXFrameworksBuildPhase;
			buildActionMask = 2147483647;
			files = (
				3EBF1A77CCB8F08A4D5B83C4 /* Pods_edisonTests.framework in Frameworks */,
			);
			runOnlyForDeploymentPostprocessing = 0;
		};
		DA513E331FF4E77100B65F22 /* Frameworks */ = {
			isa = PBXFrameworksBuildPhase;
			buildActionMask = 2147483647;
			files = (
				4B90D1B84953C299E14334CB /* Pods_edisonUITests.framework in Frameworks */,
			);
			runOnlyForDeploymentPostprocessing = 0;
		};
/* End PBXFrameworksBuildPhase section */

/* Begin PBXGroup section */
		3418D98A1FFA8F1D00EB64D1 /* model */ = {
			isa = PBXGroup;
			children = (
				342AF35B1FFBE58C00DF9C06 /* LoginSession.swift */,
			);
			path = model;
			sourceTree = "<group>";
		};
		34283D291FFA0FA900F07CDD /* storyboards */ = {
			isa = PBXGroup;
			children = (
				DA513E1B1FF4E77000B65F22 /* Main.storyboard */,
				DA513E231FF4E77000B65F22 /* LaunchScreen.storyboard */,
			);
			path = storyboards;
			sourceTree = "<group>";
		};
		34283D2A1FFA0FD300F07CDD /* network */ = {
			isa = PBXGroup;
			children = (
				34283D2B1FFA1D7E00F07CDD /* EdisonAPI.swift */,
			);
			path = network;
			sourceTree = "<group>";
		};
		34AF5AE61FF9F16F00E568B0 /* controllers */ = {
			isa = PBXGroup;
			children = (
				DA513E191FF4E77000B65F22 /* ViewController.swift */,
				348357B81FF8BA7A0047B5B5 /* LoginViewController.swift */,
			);
			path = controllers;
			sourceTree = "<group>";
		};
		52A1FB4BDD40022BCFE33873 /* Frameworks */ = {
			isa = PBXGroup;
			children = (
				4BF5FA9FBCFED167E0FDCD84 /* Pods_edison.framework */,
				541F0344D839A994FD1DFA2A /* Pods_edisonTests.framework */,
				5477216029A88B05D1163E5D /* Pods_edisonUITests.framework */,
			);
			name = Frameworks;
			sourceTree = "<group>";
		};
		9364E7C0DB2C7C00D6DB7BDA /* Pods */ = {
			isa = PBXGroup;
			children = (
				2F4804312B309933DD8D45EB /* Pods-edison.debug.xcconfig */,
				09C6DEC109C3374EB98A6092 /* Pods-edison.release.xcconfig */,
				E36DAF972E11B98EAE03B07F /* Pods-edisonTests.debug.xcconfig */,
				C435C8CC35925602EED5BE19 /* Pods-edisonTests.release.xcconfig */,
				41D2C0D441F5BFE46E7947AC /* Pods-edisonUITests.debug.xcconfig */,
				1980C4C8A8C4E6BCA54BD63C /* Pods-edisonUITests.release.xcconfig */,
			);
			name = Pods;
			sourceTree = "<group>";
		};
		DA513E0B1FF4E77000B65F22 = {
			isa = PBXGroup;
			children = (
				DA513E161FF4E77000B65F22 /* edison */,
				DA513E2E1FF4E77100B65F22 /* edisonTests */,
				DA513E391FF4E77100B65F22 /* edisonUITests */,
				DA513E151FF4E77000B65F22 /* Products */,
				9364E7C0DB2C7C00D6DB7BDA /* Pods */,
				52A1FB4BDD40022BCFE33873 /* Frameworks */,
			);
			sourceTree = "<group>";
		};
		DA513E151FF4E77000B65F22 /* Products */ = {
			isa = PBXGroup;
			children = (
				DA513E141FF4E77000B65F22 /* edison.app */,
				DA513E2B1FF4E77100B65F22 /* edisonTests.xctest */,
				DA513E361FF4E77100B65F22 /* edisonUITests.xctest */,
			);
			name = Products;
			sourceTree = "<group>";
		};
		DA513E161FF4E77000B65F22 /* edison */ = {
			isa = PBXGroup;
			children = (
				DA513E171FF4E77000B65F22 /* AppDelegate.swift */,
				34283D2A1FFA0FD300F07CDD /* network */,
				3418D98A1FFA8F1D00EB64D1 /* model */,
				34AF5AE61FF9F16F00E568B0 /* controllers */,
				34283D291FFA0FA900F07CDD /* storyboards */,
				DA513E211FF4E77000B65F22 /* Assets.xcassets */,
				DA513E261FF4E77000B65F22 /* Info.plist */,
				DA513E1E1FF4E77000B65F22 /* edison.xcdatamodeld */,
			);
			path = edison;
			sourceTree = "<group>";
		};
		DA513E2E1FF4E77100B65F22 /* edisonTests */ = {
			isa = PBXGroup;
			children = (
				DA513E2F1FF4E77100B65F22 /* edisonTests.swift */,
				DA513E311FF4E77100B65F22 /* Info.plist */,
			);
			path = edisonTests;
			sourceTree = "<group>";
		};
		DA513E391FF4E77100B65F22 /* edisonUITests */ = {
			isa = PBXGroup;
			children = (
				DA513E3A1FF4E77100B65F22 /* edisonUITests.swift */,
				DA513E3C1FF4E77100B65F22 /* Info.plist */,
			);
			path = edisonUITests;
			sourceTree = "<group>";
		};
/* End PBXGroup section */

/* Begin PBXNativeTarget section */
		DA513E131FF4E77000B65F22 /* edison */ = {
			isa = PBXNativeTarget;
			buildConfigurationList = DA513E3F1FF4E77100B65F22 /* Build configuration list for PBXNativeTarget "edison" */;
			buildPhases = (
				D5A7ABC1FD47C402BEB554CA /* [CP] Check Pods Manifest.lock */,
				DA513E101FF4E77000B65F22 /* Sources */,
				DA513E111FF4E77000B65F22 /* Frameworks */,
				DA513E121FF4E77000B65F22 /* Resources */,
				6497E775AEBFC98BB1F4593E /* [CP] Embed Pods Frameworks */,
				20A533BA942ECDC09B2B1171 /* [CP] Copy Pods Resources */,
			);
			buildRules = (
			);
			dependencies = (
			);
			name = edison;
			productName = edison;
			productReference = DA513E141FF4E77000B65F22 /* edison.app */;
			productType = "com.apple.product-type.application";
		};
		DA513E2A1FF4E77100B65F22 /* edisonTests */ = {
			isa = PBXNativeTarget;
			buildConfigurationList = DA513E421FF4E77100B65F22 /* Build configuration list for PBXNativeTarget "edisonTests" */;
			buildPhases = (
				C2C5ADE2446C73448E1A4ACF /* [CP] Check Pods Manifest.lock */,
				DA513E271FF4E77100B65F22 /* Sources */,
				DA513E281FF4E77100B65F22 /* Frameworks */,
				DA513E291FF4E77100B65F22 /* Resources */,
				DD2B5F857C9D1FC53C1314BD /* [CP] Embed Pods Frameworks */,
				3918BB7B38A64B74ADCB5207 /* [CP] Copy Pods Resources */,
			);
			buildRules = (
			);
			dependencies = (
				DA513E2D1FF4E77100B65F22 /* PBXTargetDependency */,
			);
			name = edisonTests;
			productName = edisonTests;
			productReference = DA513E2B1FF4E77100B65F22 /* edisonTests.xctest */;
			productType = "com.apple.product-type.bundle.unit-test";
		};
		DA513E351FF4E77100B65F22 /* edisonUITests */ = {
			isa = PBXNativeTarget;
			buildConfigurationList = DA513E451FF4E77100B65F22 /* Build configuration list for PBXNativeTarget "edisonUITests" */;
			buildPhases = (
				B73622E971FF8CB72ED73B87 /* [CP] Check Pods Manifest.lock */,
				DA513E321FF4E77100B65F22 /* Sources */,
				DA513E331FF4E77100B65F22 /* Frameworks */,
				DA513E341FF4E77100B65F22 /* Resources */,
				9644116D4C1BC1DE2BF7F334 /* [CP] Embed Pods Frameworks */,
				B04217B113BA0FEC1AED70C2 /* [CP] Copy Pods Resources */,
			);
			buildRules = (
			);
			dependencies = (
				DA513E381FF4E77100B65F22 /* PBXTargetDependency */,
			);
			name = edisonUITests;
			productName = edisonUITests;
			productReference = DA513E361FF4E77100B65F22 /* edisonUITests.xctest */;
			productType = "com.apple.product-type.bundle.ui-testing";
		};
/* End PBXNativeTarget section */

/* Begin PBXProject section */
		DA513E0C1FF4E77000B65F22 /* Project object */ = {
			isa = PBXProject;
			attributes = {
				LastSwiftUpdateCheck = 0920;
				LastUpgradeCheck = 0920;
				ORGANIZATIONNAME = "JNJ Communication";
				TargetAttributes = {
					DA513E131FF4E77000B65F22 = {
						CreatedOnToolsVersion = 9.2;
						ProvisioningStyle = Automatic;
					};
					DA513E2A1FF4E77100B65F22 = {
						CreatedOnToolsVersion = 9.2;
						ProvisioningStyle = Automatic;
						TestTargetID = DA513E131FF4E77000B65F22;
					};
					DA513E351FF4E77100B65F22 = {
						CreatedOnToolsVersion = 9.2;
						ProvisioningStyle = Automatic;
						TestTargetID = DA513E131FF4E77000B65F22;
					};
				};
			};
			buildConfigurationList = DA513E0F1FF4E77000B65F22 /* Build configuration list for PBXProject "edison" */;
			compatibilityVersion = "Xcode 8.0";
			developmentRegion = en;
			hasScannedForEncodings = 0;
			knownRegions = (
				en,
				Base,
			);
			mainGroup = DA513E0B1FF4E77000B65F22;
			productRefGroup = DA513E151FF4E77000B65F22 /* Products */;
			projectDirPath = "";
			projectRoot = "";
			targets = (
				DA513E131FF4E77000B65F22 /* edison */,
				DA513E2A1FF4E77100B65F22 /* edisonTests */,
				DA513E351FF4E77100B65F22 /* edisonUITests */,
			);
		};
/* End PBXProject section */

/* Begin PBXResourcesBuildPhase section */
		DA513E121FF4E77000B65F22 /* Resources */ = {
			isa = PBXResourcesBuildPhase;
			buildActionMask = 2147483647;
			files = (
				DA513E251FF4E77000B65F22 /* LaunchScreen.storyboard in Resources */,
				DA513E221FF4E77000B65F22 /* Assets.xcassets in Resources */,
				DA513E1D1FF4E77000B65F22 /* Main.storyboard in Resources */,
			);
			runOnlyForDeploymentPostprocessing = 0;
		};
		DA513E291FF4E77100B65F22 /* Resources */ = {
			isa = PBXResourcesBuildPhase;
			buildActionMask = 2147483647;
			files = (
			);
			runOnlyForDeploymentPostprocessing = 0;
		};
		DA513E341FF4E77100B65F22 /* Resources */ = {
			isa = PBXResourcesBuildPhase;
			buildActionMask = 2147483647;
			files = (
			);
			runOnlyForDeploymentPostprocessing = 0;
		};
/* End PBXResourcesBuildPhase section */

/* Begin PBXShellScriptBuildPhase section */
		20A533BA942ECDC09B2B1171 /* [CP] Copy Pods Resources */ = {
			isa = PBXShellScriptBuildPhase;
			buildActionMask = 2147483647;
			files = (
			);
			inputPaths = (
			);
			name = "[CP] Copy Pods Resources";
			outputPaths = (
			);
			runOnlyForDeploymentPostprocessing = 0;
			shellPath = /bin/sh;
			shellScript = "\"${SRCROOT}/Pods/Target Support Files/Pods-edison/Pods-edison-resources.sh\"\n";
			showEnvVarsInLog = 0;
		};
		3918BB7B38A64B74ADCB5207 /* [CP] Copy Pods Resources */ = {
			isa = PBXShellScriptBuildPhase;
			buildActionMask = 2147483647;
			files = (
			);
			inputPaths = (
			);
			name = "[CP] Copy Pods Resources";
			outputPaths = (
			);
			runOnlyForDeploymentPostprocessing = 0;
			shellPath = /bin/sh;
			shellScript = "\"${SRCROOT}/Pods/Target Support Files/Pods-edisonTests/Pods-edisonTests-resources.sh\"\n";
			showEnvVarsInLog = 0;
		};
		6497E775AEBFC98BB1F4593E /* [CP] Embed Pods Frameworks */ = {
			isa = PBXShellScriptBuildPhase;
			buildActionMask = 2147483647;
			files = (
			);
			inputPaths = (
				"${SRCROOT}/Pods/Target Support Files/Pods-edison/Pods-edison-frameworks.sh",
				"${BUILT_PRODUCTS_DIR}/DeckTransition/DeckTransition.framework",
				"${BUILT_PRODUCTS_DIR}/M13Checkbox/M13Checkbox.framework",
				"${BUILT_PRODUCTS_DIR}/ObjectMapper/ObjectMapper.framework",
				"${BUILT_PRODUCTS_DIR}/Result/Result.framework",
				"${BUILT_PRODUCTS_DIR}/RxCocoa/RxCocoa.framework",
				"${BUILT_PRODUCTS_DIR}/RxSwift/RxSwift.framework",
				"${BUILT_PRODUCTS_DIR}/SugarRecord/SugarRecord.framework",
				"${BUILT_PRODUCTS_DIR}/SwiftClient/SwiftClient.framework",
			);
			name = "[CP] Embed Pods Frameworks";
			outputPaths = (
				"${TARGET_BUILD_DIR}/${FRAMEWORKS_FOLDER_PATH}/DeckTransition.framework",
				"${TARGET_BUILD_DIR}/${FRAMEWORKS_FOLDER_PATH}/M13Checkbox.framework",
				"${TARGET_BUILD_DIR}/${FRAMEWORKS_FOLDER_PATH}/ObjectMapper.framework",
				"${TARGET_BUILD_DIR}/${FRAMEWORKS_FOLDER_PATH}/Result.framework",
				"${TARGET_BUILD_DIR}/${FRAMEWORKS_FOLDER_PATH}/RxCocoa.framework",
				"${TARGET_BUILD_DIR}/${FRAMEWORKS_FOLDER_PATH}/RxSwift.framework",
				"${TARGET_BUILD_DIR}/${FRAMEWORKS_FOLDER_PATH}/SugarRecord.framework",
				"${TARGET_BUILD_DIR}/${FRAMEWORKS_FOLDER_PATH}/SwiftClient.framework",
			);
			runOnlyForDeploymentPostprocessing = 0;
			shellPath = /bin/sh;
			shellScript = "\"${SRCROOT}/Pods/Target Support Files/Pods-edison/Pods-edison-frameworks.sh\"\n";
			showEnvVarsInLog = 0;
		};
		9644116D4C1BC1DE2BF7F334 /* [CP] Embed Pods Frameworks */ = {
			isa = PBXShellScriptBuildPhase;
			buildActionMask = 2147483647;
			files = (
			);
			inputPaths = (
			);
			name = "[CP] Embed Pods Frameworks";
			outputPaths = (
			);
			runOnlyForDeploymentPostprocessing = 0;
			shellPath = /bin/sh;
			shellScript = "\"${SRCROOT}/Pods/Target Support Files/Pods-edisonUITests/Pods-edisonUITests-frameworks.sh\"\n";
			showEnvVarsInLog = 0;
		};
		B04217B113BA0FEC1AED70C2 /* [CP] Copy Pods Resources */ = {
			isa = PBXShellScriptBuildPhase;
			buildActionMask = 2147483647;
			files = (
			);
			inputPaths = (
			);
			name = "[CP] Copy Pods Resources";
			outputPaths = (
			);
			runOnlyForDeploymentPostprocessing = 0;
			shellPath = /bin/sh;
			shellScript = "\"${SRCROOT}/Pods/Target Support Files/Pods-edisonUITests/Pods-edisonUITests-resources.sh\"\n";
			showEnvVarsInLog = 0;
		};
		B73622E971FF8CB72ED73B87 /* [CP] Check Pods Manifest.lock */ = {
			isa = PBXShellScriptBuildPhase;
			buildActionMask = 2147483647;
			files = (
			);
			inputPaths = (
				"${PODS_PODFILE_DIR_PATH}/Podfile.lock",
				"${PODS_ROOT}/Manifest.lock",
			);
			name = "[CP] Check Pods Manifest.lock";
			outputPaths = (
				"$(DERIVED_FILE_DIR)/Pods-edisonUITests-checkManifestLockResult.txt",
			);
			runOnlyForDeploymentPostprocessing = 0;
			shellPath = /bin/sh;
			shellScript = "diff \"${PODS_PODFILE_DIR_PATH}/Podfile.lock\" \"${PODS_ROOT}/Manifest.lock\" > /dev/null\nif [ $? != 0 ] ; then\n    # print error to STDERR\n    echo \"error: The sandbox is not in sync with the Podfile.lock. Run 'pod install' or update your CocoaPods installation.\" >&2\n    exit 1\nfi\n# This output is used by Xcode 'outputs' to avoid re-running this script phase.\necho \"SUCCESS\" > \"${SCRIPT_OUTPUT_FILE_0}\"\n";
			showEnvVarsInLog = 0;
		};
		C2C5ADE2446C73448E1A4ACF /* [CP] Check Pods Manifest.lock */ = {
			isa = PBXShellScriptBuildPhase;
			buildActionMask = 2147483647;
			files = (
			);
			inputPaths = (
				"${PODS_PODFILE_DIR_PATH}/Podfile.lock",
				"${PODS_ROOT}/Manifest.lock",
			);
			name = "[CP] Check Pods Manifest.lock";
			outputPaths = (
				"$(DERIVED_FILE_DIR)/Pods-edisonTests-checkManifestLockResult.txt",
			);
			runOnlyForDeploymentPostprocessing = 0;
			shellPath = /bin/sh;
			shellScript = "diff \"${PODS_PODFILE_DIR_PATH}/Podfile.lock\" \"${PODS_ROOT}/Manifest.lock\" > /dev/null\nif [ $? != 0 ] ; then\n    # print error to STDERR\n    echo \"error: The sandbox is not in sync with the Podfile.lock. Run 'pod install' or update your CocoaPods installation.\" >&2\n    exit 1\nfi\n# This output is used by Xcode 'outputs' to avoid re-running this script phase.\necho \"SUCCESS\" > \"${SCRIPT_OUTPUT_FILE_0}\"\n";
			showEnvVarsInLog = 0;
		};
		D5A7ABC1FD47C402BEB554CA /* [CP] Check Pods Manifest.lock */ = {
			isa = PBXShellScriptBuildPhase;
			buildActionMask = 2147483647;
			files = (
			);
			inputPaths = (
				"${PODS_PODFILE_DIR_PATH}/Podfile.lock",
				"${PODS_ROOT}/Manifest.lock",
			);
			name = "[CP] Check Pods Manifest.lock";
			outputPaths = (
				"$(DERIVED_FILE_DIR)/Pods-edison-checkManifestLockResult.txt",
			);
			runOnlyForDeploymentPostprocessing = 0;
			shellPath = /bin/sh;
			shellScript = "diff \"${PODS_PODFILE_DIR_PATH}/Podfile.lock\" \"${PODS_ROOT}/Manifest.lock\" > /dev/null\nif [ $? != 0 ] ; then\n    # print error to STDERR\n    echo \"error: The sandbox is not in sync with the Podfile.lock. Run 'pod install' or update your CocoaPods installation.\" >&2\n    exit 1\nfi\n# This output is used by Xcode 'outputs' to avoid re-running this script phase.\necho \"SUCCESS\" > \"${SCRIPT_OUTPUT_FILE_0}\"\n";
			showEnvVarsInLog = 0;
		};
		DD2B5F857C9D1FC53C1314BD /* [CP] Embed Pods Frameworks */ = {
			isa = PBXShellScriptBuildPhase;
			buildActionMask = 2147483647;
			files = (
			);
			inputPaths = (
			);
			name = "[CP] Embed Pods Frameworks";
			outputPaths = (
			);
			runOnlyForDeploymentPostprocessing = 0;
			shellPath = /bin/sh;
			shellScript = "\"${SRCROOT}/Pods/Target Support Files/Pods-edisonTests/Pods-edisonTests-frameworks.sh\"\n";
			showEnvVarsInLog = 0;
		};
/* End PBXShellScriptBuildPhase section */

/* Begin PBXSourcesBuildPhase section */
		DA513E101FF4E77000B65F22 /* Sources */ = {
			isa = PBXSourcesBuildPhase;
			buildActionMask = 2147483647;
			files = (
				348357B91FF8BA7A0047B5B5 /* LoginViewController.swift in Sources */,
				34283D2C1FFA1D7E00F07CDD /* EdisonAPI.swift in Sources */,
				DA513E1A1FF4E77000B65F22 /* ViewController.swift in Sources */,
				DA513E201FF4E77000B65F22 /* edison.xcdatamodeld in Sources */,
				342AF35C1FFBE58C00DF9C06 /* LoginSession.swift in Sources */,
				DA513E181FF4E77000B65F22 /* AppDelegate.swift in Sources */,
			);
			runOnlyForDeploymentPostprocessing = 0;
		};
		DA513E271FF4E77100B65F22 /* Sources */ = {
			isa = PBXSourcesBuildPhase;
			buildActionMask = 2147483647;
			files = (
				DA513E301FF4E77100B65F22 /* edisonTests.swift in Sources */,
			);
			runOnlyForDeploymentPostprocessing = 0;
		};
		DA513E321FF4E77100B65F22 /* Sources */ = {
			isa = PBXSourcesBuildPhase;
			buildActionMask = 2147483647;
			files = (
				DA513E3B1FF4E77100B65F22 /* edisonUITests.swift in Sources */,
			);
			runOnlyForDeploymentPostprocessing = 0;
		};
/* End PBXSourcesBuildPhase section */

/* Begin PBXTargetDependency section */
		DA513E2D1FF4E77100B65F22 /* PBXTargetDependency */ = {
			isa = PBXTargetDependency;
			target = DA513E131FF4E77000B65F22 /* edison */;
			targetProxy = DA513E2C1FF4E77100B65F22 /* PBXContainerItemProxy */;
		};
		DA513E381FF4E77100B65F22 /* PBXTargetDependency */ = {
			isa = PBXTargetDependency;
			target = DA513E131FF4E77000B65F22 /* edison */;
			targetProxy = DA513E371FF4E77100B65F22 /* PBXContainerItemProxy */;
		};
/* End PBXTargetDependency section */

/* Begin PBXVariantGroup section */
		DA513E1B1FF4E77000B65F22 /* Main.storyboard */ = {
			isa = PBXVariantGroup;
			children = (
				DA513E1C1FF4E77000B65F22 /* Base */,
			);
			name = Main.storyboard;
			sourceTree = "<group>";
		};
		DA513E231FF4E77000B65F22 /* LaunchScreen.storyboard */ = {
			isa = PBXVariantGroup;
			children = (
				DA513E241FF4E77000B65F22 /* Base */,
			);
			name = LaunchScreen.storyboard;
			sourceTree = "<group>";
		};
/* End PBXVariantGroup section */

/* Begin XCBuildConfiguration section */
		DA513E3D1FF4E77100B65F22 /* Debug */ = {
			isa = XCBuildConfiguration;
			buildSettings = {
				ALWAYS_SEARCH_USER_PATHS = NO;
				CLANG_ANALYZER_NONNULL = YES;
				CLANG_ANALYZER_NUMBER_OBJECT_CONVERSION = YES_AGGRESSIVE;
				CLANG_CXX_LANGUAGE_STANDARD = "gnu++14";
				CLANG_CXX_LIBRARY = "libc++";
				CLANG_ENABLE_MODULES = YES;
				CLANG_ENABLE_OBJC_ARC = YES;
				CLANG_WARN_BLOCK_CAPTURE_AUTORELEASING = YES;
				CLANG_WARN_BOOL_CONVERSION = YES;
				CLANG_WARN_COMMA = YES;
				CLANG_WARN_CONSTANT_CONVERSION = YES;
				CLANG_WARN_DIRECT_OBJC_ISA_USAGE = YES_ERROR;
				CLANG_WARN_DOCUMENTATION_COMMENTS = YES;
				CLANG_WARN_EMPTY_BODY = YES;
				CLANG_WARN_ENUM_CONVERSION = YES;
				CLANG_WARN_INFINITE_RECURSION = YES;
				CLANG_WARN_INT_CONVERSION = YES;
				CLANG_WARN_NON_LITERAL_NULL_CONVERSION = YES;
				CLANG_WARN_OBJC_LITERAL_CONVERSION = YES;
				CLANG_WARN_OBJC_ROOT_CLASS = YES_ERROR;
				CLANG_WARN_RANGE_LOOP_ANALYSIS = YES;
				CLANG_WARN_STRICT_PROTOTYPES = YES;
				CLANG_WARN_SUSPICIOUS_MOVE = YES;
				CLANG_WARN_UNGUARDED_AVAILABILITY = YES_AGGRESSIVE;
				CLANG_WARN_UNREACHABLE_CODE = YES;
				CLANG_WARN__DUPLICATE_METHOD_MATCH = YES;
				CODE_SIGN_IDENTITY = "iPhone Developer";
				COPY_PHASE_STRIP = NO;
				DEBUG_INFORMATION_FORMAT = dwarf;
				ENABLE_STRICT_OBJC_MSGSEND = YES;
				ENABLE_TESTABILITY = YES;
				GCC_C_LANGUAGE_STANDARD = gnu11;
				GCC_DYNAMIC_NO_PIC = NO;
				GCC_NO_COMMON_BLOCKS = YES;
				GCC_OPTIMIZATION_LEVEL = 0;
				GCC_PREPROCESSOR_DEFINITIONS = (
					"DEBUG=1",
					"$(inherited)",
				);
				GCC_WARN_64_TO_32_BIT_CONVERSION = YES;
				GCC_WARN_ABOUT_RETURN_TYPE = YES_ERROR;
				GCC_WARN_UNDECLARED_SELECTOR = YES;
				GCC_WARN_UNINITIALIZED_AUTOS = YES_AGGRESSIVE;
				GCC_WARN_UNUSED_FUNCTION = YES;
				GCC_WARN_UNUSED_VARIABLE = YES;
				IPHONEOS_DEPLOYMENT_TARGET = 11.2;
				MTL_ENABLE_DEBUG_INFO = YES;
				ONLY_ACTIVE_ARCH = YES;
				SDKROOT = iphoneos;
				SWIFT_ACTIVE_COMPILATION_CONDITIONS = DEBUG;
				SWIFT_OPTIMIZATION_LEVEL = "-Onone";
			};
			name = Debug;
		};
		DA513E3E1FF4E77100B65F22 /* Release */ = {
			isa = XCBuildConfiguration;
			buildSettings = {
				ALWAYS_SEARCH_USER_PATHS = NO;
				CLANG_ANALYZER_NONNULL = YES;
				CLANG_ANALYZER_NUMBER_OBJECT_CONVERSION = YES_AGGRESSIVE;
				CLANG_CXX_LANGUAGE_STANDARD = "gnu++14";
				CLANG_CXX_LIBRARY = "libc++";
				CLANG_ENABLE_MODULES = YES;
				CLANG_ENABLE_OBJC_ARC = YES;
				CLANG_WARN_BLOCK_CAPTURE_AUTORELEASING = YES;
				CLANG_WARN_BOOL_CONVERSION = YES;
				CLANG_WARN_COMMA = YES;
				CLANG_WARN_CONSTANT_CONVERSION = YES;
				CLANG_WARN_DIRECT_OBJC_ISA_USAGE = YES_ERROR;
				CLANG_WARN_DOCUMENTATION_COMMENTS = YES;
				CLANG_WARN_EMPTY_BODY = YES;
				CLANG_WARN_ENUM_CONVERSION = YES;
				CLANG_WARN_INFINITE_RECURSION = YES;
				CLANG_WARN_INT_CONVERSION = YES;
				CLANG_WARN_NON_LITERAL_NULL_CONVERSION = YES;
				CLANG_WARN_OBJC_LITERAL_CONVERSION = YES;
				CLANG_WARN_OBJC_ROOT_CLASS = YES_ERROR;
				CLANG_WARN_RANGE_LOOP_ANALYSIS = YES;
				CLANG_WARN_STRICT_PROTOTYPES = YES;
				CLANG_WARN_SUSPICIOUS_MOVE = YES;
				CLANG_WARN_UNGUARDED_AVAILABILITY = YES_AGGRESSIVE;
				CLANG_WARN_UNREACHABLE_CODE = YES;
				CLANG_WARN__DUPLICATE_METHOD_MATCH = YES;
				CODE_SIGN_IDENTITY = "iPhone Developer";
				COPY_PHASE_STRIP = NO;
				DEBUG_INFORMATION_FORMAT = "dwarf-with-dsym";
				ENABLE_NS_ASSERTIONS = NO;
				ENABLE_STRICT_OBJC_MSGSEND = YES;
				GCC_C_LANGUAGE_STANDARD = gnu11;
				GCC_NO_COMMON_BLOCKS = YES;
				GCC_WARN_64_TO_32_BIT_CONVERSION = YES;
				GCC_WARN_ABOUT_RETURN_TYPE = YES_ERROR;
				GCC_WARN_UNDECLARED_SELECTOR = YES;
				GCC_WARN_UNINITIALIZED_AUTOS = YES_AGGRESSIVE;
				GCC_WARN_UNUSED_FUNCTION = YES;
				GCC_WARN_UNUSED_VARIABLE = YES;
				IPHONEOS_DEPLOYMENT_TARGET = 11.2;
				MTL_ENABLE_DEBUG_INFO = NO;
				SDKROOT = iphoneos;
				SWIFT_OPTIMIZATION_LEVEL = "-Owholemodule";
				VALIDATE_PRODUCT = YES;
			};
			name = Release;
		};
		DA513E401FF4E77100B65F22 /* Debug */ = {
			isa = XCBuildConfiguration;
			baseConfigurationReference = 2F4804312B309933DD8D45EB /* Pods-edison.debug.xcconfig */;
			buildSettings = {
				ASSETCATALOG_COMPILER_APPICON_NAME = AppIcon;
				CODE_SIGN_STYLE = Automatic;
				INFOPLIST_FILE = edison/Info.plist;
				LD_RUNPATH_SEARCH_PATHS = "$(inherited) @executable_path/Frameworks";
				PRODUCT_BUNDLE_IDENTIFIER = com.jnjcomu.edison;
				PRODUCT_NAME = "$(TARGET_NAME)";
				SWIFT_VERSION = 4.0;
				TARGETED_DEVICE_FAMILY = 1;
			};
			name = Debug;
		};
		DA513E411FF4E77100B65F22 /* Release */ = {
			isa = XCBuildConfiguration;
			baseConfigurationReference = 09C6DEC109C3374EB98A6092 /* Pods-edison.release.xcconfig */;
			buildSettings = {
				ASSETCATALOG_COMPILER_APPICON_NAME = AppIcon;
				CODE_SIGN_STYLE = Automatic;
				INFOPLIST_FILE = edison/Info.plist;
				LD_RUNPATH_SEARCH_PATHS = "$(inherited) @executable_path/Frameworks";
				PRODUCT_BUNDLE_IDENTIFIER = com.jnjcomu.edison;
				PRODUCT_NAME = "$(TARGET_NAME)";
				SWIFT_VERSION = 4.0;
				TARGETED_DEVICE_FAMILY = 1;
			};
			name = Release;
		};
		DA513E431FF4E77100B65F22 /* Debug */ = {
			isa = XCBuildConfiguration;
			baseConfigurationReference = E36DAF972E11B98EAE03B07F /* Pods-edisonTests.debug.xcconfig */;
			buildSettings = {
				ALWAYS_EMBED_SWIFT_STANDARD_LIBRARIES = YES;
				BUNDLE_LOADER = "$(TEST_HOST)";
				CODE_SIGN_STYLE = Automatic;
				INFOPLIST_FILE = edisonTests/Info.plist;
				LD_RUNPATH_SEARCH_PATHS = "$(inherited) @executable_path/Frameworks @loader_path/Frameworks";
				PRODUCT_BUNDLE_IDENTIFIER = com.jnjcomu.edisonTests;
				PRODUCT_NAME = "$(TARGET_NAME)";
				SWIFT_VERSION = 4.0;
				TARGETED_DEVICE_FAMILY = "1,2";
				TEST_HOST = "$(BUILT_PRODUCTS_DIR)/edison.app/edison";
			};
			name = Debug;
		};
		DA513E441FF4E77100B65F22 /* Release */ = {
			isa = XCBuildConfiguration;
			baseConfigurationReference = C435C8CC35925602EED5BE19 /* Pods-edisonTests.release.xcconfig */;
			buildSettings = {
				ALWAYS_EMBED_SWIFT_STANDARD_LIBRARIES = YES;
				BUNDLE_LOADER = "$(TEST_HOST)";
				CODE_SIGN_STYLE = Automatic;
				INFOPLIST_FILE = edisonTests/Info.plist;
				LD_RUNPATH_SEARCH_PATHS = "$(inherited) @executable_path/Frameworks @loader_path/Frameworks";
				PRODUCT_BUNDLE_IDENTIFIER = com.jnjcomu.edisonTests;
				PRODUCT_NAME = "$(TARGET_NAME)";
				SWIFT_VERSION = 4.0;
				TARGETED_DEVICE_FAMILY = "1,2";
				TEST_HOST = "$(BUILT_PRODUCTS_DIR)/edison.app/edison";
			};
			name = Release;
		};
		DA513E461FF4E77100B65F22 /* Debug */ = {
			isa = XCBuildConfiguration;
			baseConfigurationReference = 41D2C0D441F5BFE46E7947AC /* Pods-edisonUITests.debug.xcconfig */;
			buildSettings = {
				ALWAYS_EMBED_SWIFT_STANDARD_LIBRARIES = YES;
				CODE_SIGN_STYLE = Automatic;
				INFOPLIST_FILE = edisonUITests/Info.plist;
				LD_RUNPATH_SEARCH_PATHS = "$(inherited) @executable_path/Frameworks @loader_path/Frameworks";
				PRODUCT_BUNDLE_IDENTIFIER = com.jnjcomu.edisonUITests;
				PRODUCT_NAME = "$(TARGET_NAME)";
				SWIFT_VERSION = 4.0;
				TARGETED_DEVICE_FAMILY = "1,2";
				TEST_TARGET_NAME = edison;
			};
			name = Debug;
		};
		DA513E471FF4E77100B65F22 /* Release */ = {
			isa = XCBuildConfiguration;
			baseConfigurationReference = 1980C4C8A8C4E6BCA54BD63C /* Pods-edisonUITests.release.xcconfig */;
			buildSettings = {
				ALWAYS_EMBED_SWIFT_STANDARD_LIBRARIES = YES;
				CODE_SIGN_STYLE = Automatic;
				INFOPLIST_FILE = edisonUITests/Info.plist;
				LD_RUNPATH_SEARCH_PATHS = "$(inherited) @executable_path/Frameworks @loader_path/Frameworks";
				PRODUCT_BUNDLE_IDENTIFIER = com.jnjcomu.edisonUITests;
				PRODUCT_NAME = "$(TARGET_NAME)";
				SWIFT_VERSION = 4.0;
				TARGETED_DEVICE_FAMILY = "1,2";
				TEST_TARGET_NAME = edison;
			};
			name = Release;
		};
/* End XCBuildConfiguration section */

/* Begin XCConfigurationList section */
		DA513E0F1FF4E77000B65F22 /* Build configuration list for PBXProject "edison" */ = {
			isa = XCConfigurationList;
			buildConfigurations = (
				DA513E3D1FF4E77100B65F22 /* Debug */,
				DA513E3E1FF4E77100B65F22 /* Release */,
			);
			defaultConfigurationIsVisible = 0;
			defaultConfigurationName = Release;
		};
		DA513E3F1FF4E77100B65F22 /* Build configuration list for PBXNativeTarget "edison" */ = {
			isa = XCConfigurationList;
			buildConfigurations = (
				DA513E401FF4E77100B65F22 /* Debug */,
				DA513E411FF4E77100B65F22 /* Release */,
			);
			defaultConfigurationIsVisible = 0;
			defaultConfigurationName = Release;
		};
		DA513E421FF4E77100B65F22 /* Build configuration list for PBXNativeTarget "edisonTests" */ = {
			isa = XCConfigurationList;
			buildConfigurations = (
				DA513E431FF4E77100B65F22 /* Debug */,
				DA513E441FF4E77100B65F22 /* Release */,
			);
			defaultConfigurationIsVisible = 0;
			defaultConfigurationName = Release;
		};
		DA513E451FF4E77100B65F22 /* Build configuration list for PBXNativeTarget "edisonUITests" */ = {
			isa = XCConfigurationList;
			buildConfigurations = (
				DA513E461FF4E77100B65F22 /* Debug */,
				DA513E471FF4E77100B65F22 /* Release */,
			);
			defaultConfigurationIsVisible = 0;
			defaultConfigurationName = Release;
		};
/* End XCConfigurationList section */

/* Begin XCVersionGroup section */
		DA513E1E1FF4E77000B65F22 /* edison.xcdatamodeld */ = {
			isa = XCVersionGroup;
			children = (
				DA513E1F1FF4E77000B65F22 /* edison.xcdatamodel */,
			);
			currentVersion = DA513E1F1FF4E77000B65F22 /* edison.xcdatamodel */;
			path = edison.xcdatamodeld;
			sourceTree = "<group>";
			versionGroupType = wrapper.xcdatamodel;
		};
/* End XCVersionGroup section */
	};
	rootObject = DA513E0C1FF4E77000B65F22 /* Project object */;
}
